
Microsoft Visual Studio Solution File, Format Version 12.00
# Visual Studio Version 17
VisualStudioVersion = 17.5.002.0
MinimumVisualStudioVersion = 10.0.40219.1
Project("{9A19103F-16F7-4668-BE54-9A1E7A4F7556}") = "Library", "Library\Library.csproj", "{0ABBA802-5884-4AD4-9A20-FAF70E80560D}"
EndProject
Project("{9A19103F-16F7-4668-BE54-9A1E7A4F7556}") = "Program", "Program\Program.csproj", "{D2F1D3B6-A4C5-4B40-B39F-2EACB61C148C}"
EndProject
Global
	GlobalSection(SolutionConfigurationPlatforms) = preSolution
		Debug|Any CPU = Debug|Any CPU
		Release|Any CPU = Release|Any CPU
	EndGlobalSection
	GlobalSection(ProjectConfigurationPlatforms) = postSolution
		{0ABBA802-5884-4AD4-9A20-FAF70E80560D}.Debug|Any CPU.ActiveCfg = Debug|Any CPU
		{0ABBA802-5884-4AD4-9A20-FAF70E80560D}.Debug|Any CPU.Build.0 = Debug|Any CPU
		{0ABBA802-5884-4AD4-9A20-FAF70E80560D}.Release|Any CPU.ActiveCfg = Release|Any CPU
		{0ABBA802-5884-4AD4-9A20-FAF70E80560D}.Release|Any CPU.Build.0 = Release|Any CPU
		{D2F1D3B6-A4C5-4B40-B39F-2EACB61C148C}.Debug|Any CPU.ActiveCfg = Debug|Any CPU
		{D2F1D3B6-A4C5-4B40-B39F-2EACB61C148C}.Debug|Any CPU.Build.0 = Debug|Any CPU
		{D2F1D3B6-A4C5-4B40-B39F-2EACB61C148C}.Release|Any CPU.ActiveCfg = Release|Any CPU
		{D2F1D3B6-A4C5-4B40-B39F-2EACB61C148C}.Release|Any CPU.Build.0 = Release|Any CPU
	EndGlobalSection
	GlobalSection(SolutionProperties) = preSolution
		HideSolutionNode = FALSE
	EndGlobalSection
	GlobalSection(ExtensibilityGlobals) = postSolution
		SolutionGuid = {04B7FEE2-2583-4439-BEDF-EE82B7FC50A5}
	EndGlobalSection
EndGlobal
